
Microsoft Visual Studio Solution File, Format Version 12.00
# Visual Studio Version 17
VisualStudioVersion = 17.2.32616.157
MinimumVisualStudioVersion = 10.0.40219.1
Project("{FAE04EC0-301F-11D3-BF4B-00C04F79EFBC}") = "WebApp", "WebApp\WebApp.csproj", "{DE81CDB1-1353-411B-A301-5DF05449398F}"
EndProject
Global
	GlobalSection(SolutionConfigurationPlatforms) = preSolution
		Debug|Any CPU = Debug|Any CPU
		Release|Any CPU = Release|Any CPU
	EndGlobalSection
	GlobalSection(ProjectConfigurationPlatforms) = postSolution
		{DE81CDB1-1353-411B-A301-5DF05449398F}.Debug|Any CPU.ActiveCfg = Debug|Any CPU
		{DE81CDB1-1353-411B-A301-5DF05449398F}.Debug|Any CPU.Build.0 = Debug|Any CPU
		{DE81CDB1-1353-411B-A301-5DF05449398F}.Release|Any CPU.ActiveCfg = Release|Any CPU
		{DE81CDB1-1353-411B-A301-5DF05449398F}.Release|Any CPU.Build.0 = Release|Any CPU
	EndGlobalSection
	GlobalSection(SolutionProperties) = preSolution
		HideSolutionNode = FALSE
	EndGlobalSection
	GlobalSection(ExtensibilityGlobals) = postSolution
		SolutionGuid = {34E2863B-1F8C-41CB-B786-CE407FE10AF4}
	EndGlobalSection
EndGlobal
